{
  "name": "codefor.miami",
  "version": "0.0.2",
  "lockfileVersion": 1,
  "requires": true,
  "dependencies": {
    "angular": {
      "version": "1.7.4",
      "resolved": "https://registry.npmjs.org/angular/-/angular-1.7.4.tgz",
      "integrity": "sha512-nYTWc9CpZjTY57l8EA1+DGpQNzI6HewQ34bfRYoGXBYysIoPYjfcgTGWC+Vl3AaeCnhAb3VTkysVESvCBpUIoA=="
    },
    "angular-cache": {
      "version": "4.6.0",
      "resolved": "https://registry.npmjs.org/angular-cache/-/angular-cache-4.6.0.tgz",
      "integrity": "sha1-XMkK0Sc/sVAgXcHHG4FBrjnki/8="
    },
    "angular-loading-bar": {
      "version": "0.6.0",
      "resolved": "https://registry.npmjs.org/angular-loading-bar/-/angular-loading-bar-0.6.0.tgz",
      "integrity": "sha1-N0m2k1wZ5ltieeBWTv28Kw6R2Hk="
    },
    "angular-utils-pagination": {
      "version": "0.11.1",
      "resolved": "https://registry.npmjs.org/angular-utils-pagination/-/angular-utils-pagination-0.11.1.tgz",
      "integrity": "sha1-7618iHm+swrT13cH+T49DvUfLGY="
    }
  }
}
